
Microsoft Visual Studio Solution File, Format Version 12.00
# Visual Studio Version 16
VisualStudioVersion = 16.0.30503.244
MinimumVisualStudioVersion = 10.0.40219.1
Project("{8BC9CEB8-8B4A-11D0-8D11-00A0C91BC942}") = "zadacha1", "zadacha1\zadacha1.vcxproj", "{59237554-FC36-4E93-87FE-0A22937C7F34}"
EndProject
Global
	GlobalSection(SolutionConfigurationPlatforms) = preSolution
		Debug|x64 = Debug|x64
		Debug|x86 = Debug|x86
		Release|x64 = Release|x64
		Release|x86 = Release|x86
	EndGlobalSection
	GlobalSection(ProjectConfigurationPlatforms) = postSolution
		{59237554-FC36-4E93-87FE-0A22937C7F34}.Debug|x64.ActiveCfg = Debug|x64
		{59237554-FC36-4E93-87FE-0A22937C7F34}.Debug|x64.Build.0 = Debug|x64
		{59237554-FC36-4E93-87FE-0A22937C7F34}.Debug|x86.ActiveCfg = Debug|Win32
		{59237554-FC36-4E93-87FE-0A22937C7F34}.Debug|x86.Build.0 = Debug|Win32
		{59237554-FC36-4E93-87FE-0A22937C7F34}.Release|x64.ActiveCfg = Release|x64
		{59237554-FC36-4E93-87FE-0A22937C7F34}.Release|x64.Build.0 = Release|x64
		{59237554-FC36-4E93-87FE-0A22937C7F34}.Release|x86.ActiveCfg = Release|Win32
		{59237554-FC36-4E93-87FE-0A22937C7F34}.Release|x86.Build.0 = Release|Win32
	EndGlobalSection
	GlobalSection(SolutionProperties) = preSolution
		HideSolutionNode = FALSE
	EndGlobalSection
	GlobalSection(ExtensibilityGlobals) = postSolution
		SolutionGuid = {7852E64D-D6A9-4400-A1BB-C1724FEBF9B1}
	EndGlobalSection
EndGlobal
